
Microsoft Visual Studio Solution File, Format Version 12.00
# Visual Studio 15
VisualStudioVersion = 15.0.26430.16
MinimumVisualStudioVersion = 10.0.40219.1
Project("{8BC9CEB8-8B4A-11D0-8D11-00A0C91BC942}") = "DiamondDogs", "DiamondDogs.vcxproj", "{28A18A23-177F-45EF-A3EE-2BF3596255E7}"
EndProject
Project("{8BC9CEB8-8B4A-11D0-8D11-00A0C91BC942}") = "VulpesRender", "VulpesRender\build\VulpesRender.vcxproj", "{3C89DC0F-C1D9-33C9-9E0C-B189EEE0A034}"
EndProject
Global
	GlobalSection(SolutionConfigurationPlatforms) = preSolution
		Debug|x64 = Debug|x64
		MinSizeRel|x64 = MinSizeRel|x64
		Release|x64 = Release|x64
		RelWithDebInfo|x64 = RelWithDebInfo|x64
	EndGlobalSection
	GlobalSection(ProjectConfigurationPlatforms) = postSolution
		{28A18A23-177F-45EF-A3EE-2BF3596255E7}.Debug|x64.ActiveCfg = Debug|x64
		{28A18A23-177F-45EF-A3EE-2BF3596255E7}.Debug|x64.Build.0 = Debug|x64
		{28A18A23-177F-45EF-A3EE-2BF3596255E7}.MinSizeRel|x64.ActiveCfg = Release|x64
		{28A18A23-177F-45EF-A3EE-2BF3596255E7}.MinSizeRel|x64.Build.0 = Release|x64
		{28A18A23-177F-45EF-A3EE-2BF3596255E7}.Release|x64.ActiveCfg = Release|x64
		{28A18A23-177F-45EF-A3EE-2BF3596255E7}.Release|x64.Build.0 = Release|x64
		{28A18A23-177F-45EF-A3EE-2BF3596255E7}.RelWithDebInfo|x64.ActiveCfg = Release|x64
		{28A18A23-177F-45EF-A3EE-2BF3596255E7}.RelWithDebInfo|x64.Build.0 = Release|x64
		{3C89DC0F-C1D9-33C9-9E0C-B189EEE0A034}.Debug|x64.ActiveCfg = Debug|x64
		{3C89DC0F-C1D9-33C9-9E0C-B189EEE0A034}.Debug|x64.Build.0 = Debug|x64
		{3C89DC0F-C1D9-33C9-9E0C-B189EEE0A034}.MinSizeRel|x64.ActiveCfg = MinSizeRel|x64
		{3C89DC0F-C1D9-33C9-9E0C-B189EEE0A034}.MinSizeRel|x64.Build.0 = MinSizeRel|x64
		{3C89DC0F-C1D9-33C9-9E0C-B189EEE0A034}.Release|x64.ActiveCfg = Release|x64
		{3C89DC0F-C1D9-33C9-9E0C-B189EEE0A034}.Release|x64.Build.0 = Release|x64
		{3C89DC0F-C1D9-33C9-9E0C-B189EEE0A034}.RelWithDebInfo|x64.ActiveCfg = RelWithDebInfo|x64
		{3C89DC0F-C1D9-33C9-9E0C-B189EEE0A034}.RelWithDebInfo|x64.Build.0 = RelWithDebInfo|x64
	EndGlobalSection
	GlobalSection(SolutionProperties) = preSolution
		HideSolutionNode = FALSE
	EndGlobalSection
EndGlobal
