<?xml version="1.0" encoding="utf-8"?>
<Project ToolsVersion="4.0" xmlns="http://schemas.microsoft.com/developer/msbuild/2003">
  <ItemGroup>
    <ClCompile Include="bodies\Terrestrial.cpp" />
    <ClCompile Include="DiamondDogs.cpp" />
    <ClCompile Include="stdafx.cpp" />
    <ClCompile Include="util\lodepng.cpp" />
    <ClCompile Include="bodies\star\Star.cpp" />
    <ClCompile Include="engine\mesh\Billboard.cpp" />
    <ClCompile Include="engine\mesh\Icosphere.cpp" />
    <ClCompile Include="engine\mesh\PlanarMesh.cpp" />
    <ClCompile Include="engine\mesh\SpherifiedCube.cpp" />
    <ClCompile Include="engine\rendering\Shader.cpp" />
    <ClCompile Include="engine\Context.cpp" />
    <ClCompile Include="engine\audio\audio.cpp" />
  </ItemGroup>
  <ItemGroup>
    <ClInclude Include="bodies\Body.h" />
    <ClInclude Include="bodies\Terrestial.h" />
    <ClInclude Include="bodies\Terrestrial.h" />
    <ClInclude Include="stdafx.h" />
    <ClInclude Include="util\lodepng.h" />
    <ClInclude Include="util\noise\TerrainBuilder.h" />
    <ClInclude Include="util\shaderold.h" />
    <ClInclude Include="bodies\star\Star.h" />
    <ClInclude Include="bodies\star\Corona.h" />
    <ClInclude Include="bodies\terrestrial\Barren.h" />
    <ClInclude Include="engine\mesh\Billboard.h" />
    <ClInclude Include="engine\mesh\Icosphere.h" />
    <ClInclude Include="engine\mesh\Mesh.h" />
    <ClInclude Include="engine\mesh\MeshComponents.h" />
    <ClInclude Include="engine\mesh\PlanarMesh.h" />
    <ClInclude Include="engine\mesh\Skybox.h" />
    <ClInclude Include="engine\mesh\SpherifiedCube.h" />
    <ClInclude Include="engine\rendering\camera.h" />
    <ClInclude Include="engine\rendering\Shader.h" />
    <ClInclude Include="engine\Context.h" />
    <ClInclude Include="util\lodeTexture.h" />
    <ClInclude Include="engine\audio\audio.h" />
  </ItemGroup>
  <ItemGroup>
    <None Include="shaders\debug\fragment.glsl" />
    <None Include="shaders\debug\vertex.glsl" />
    <None Include="shaders\wireframe\fragment.glsl" />
    <None Include="shaders\wireframe\geometry.glsl" />
    <None Include="shaders\wireframe\vertex.glsl" />
  </ItemGroup>
</Project>