<?xml version="1.0" encoding="utf-8"?>
<Project ToolsVersion="4.0" xmlns="http://schemas.microsoft.com/developer/msbuild/2003">
  <ItemGroup>
    <Filter Include="Source Files">
      <UniqueIdentifier>{4FC737F1-C7A5-4376-A066-2A32D752A2FF}</UniqueIdentifier>
      <Extensions>cpp;c;cc;cxx;def;odl;idl;hpj;bat;asm;asmx</Extensions>
    </Filter>
    <Filter Include="Header Files">
      <UniqueIdentifier>{93995380-89BD-4b04-88EB-625FBE52EBFB}</UniqueIdentifier>
      <Extensions>h;hh;hpp;hxx;hm;inl;inc;xsd</Extensions>
    </Filter>
    <Filter Include="Resource Files">
      <UniqueIdentifier>{67DA6AB6-F800-4c08-8B7A-83BB121AAD01}</UniqueIdentifier>
      <Extensions>rc;ico;cur;bmp;dlg;rc2;rct;bin;rgs;gif;jpg;jpeg;jpe;resx;tiff;tif;png;wav;mfcribbon-ms</Extensions>
    </Filter>
  </ItemGroup>
  <ItemGroup>
    <Text Include="ReadMe.txt" />
  </ItemGroup>
  <ItemGroup>
    <ClInclude Include="stdafx.h">
      <Filter>Header Files</Filter>
    </ClInclude>
    <ClInclude Include="util\lodepng.h">
      <Filter>Header Files</Filter>
    </ClInclude>
    <ClInclude Include="util\lodeTexture.h">
      <Filter>Header Files</Filter>
    </ClInclude>
    <ClInclude Include="mesh\Mesh.h">
      <Filter>Header Files</Filter>
    </ClInclude>
    <ClInclude Include="mesh\MeshComponents.h">
      <Filter>Header Files</Filter>
    </ClInclude>
    <ClInclude Include="mesh\Skybox.h">
      <Filter>Header Files</Filter>
    </ClInclude>
    <ClInclude Include="util\shaderold.h">
      <Filter>Header Files</Filter>
    </ClInclude>
    <ClInclude Include="util\Shader.h">
      <Filter>Header Files</Filter>
    </ClInclude>
    <ClInclude Include="mesh\PlanarMesh.h">
      <Filter>Header Files</Filter>
    </ClInclude>
    <ClInclude Include="objects\CubeSphere.h">
      <Filter>Header Files</Filter>
    </ClInclude>
    <ClInclude Include="mesh\SpherifiedCube.h">
      <Filter>Header Files</Filter>
    </ClInclude>
    <ClInclude Include="util\camera.h">
      <Filter>Header Files</Filter>
    </ClInclude>
    <ClInclude Include="bodies\Body.h">
      <Filter>Header Files</Filter>
    </ClInclude>
    <ClInclude Include="util\Noise.h">
      <Filter>Header Files</Filter>
    </ClInclude>
    <ClInclude Include="bodies\Terrestial.h">
      <Filter>Header Files</Filter>
    </ClInclude>
    <ClInclude Include="bodies\Terrestrial.h">
      <Filter>Header Files</Filter>
    </ClInclude>
    <ClInclude Include="util\Framebuffer.h">
      <Filter>Header Files</Filter>
    </ClInclude>
    <ClInclude Include="util\Context.h">
      <Filter>Header Files</Filter>
    </ClInclude>
    <ClInclude Include="mesh\Quad.h">
      <Filter>Header Files</Filter>
    </ClInclude>
    <ClInclude Include="bodies\Star.h">
      <Filter>Header Files</Filter>
    </ClInclude>
    <ClInclude Include="mesh\GlobeMesh.h">
      <Filter>Header Files</Filter>
    </ClInclude>
  </ItemGroup>
  <ItemGroup>
    <ClCompile Include="DiamondDogs.cpp">
      <Filter>Source Files</Filter>
    </ClCompile>
    <ClCompile Include="util\lodepng.cpp">
      <Filter>Source Files</Filter>
    </ClCompile>
    <ClCompile Include="mesh\Mesh.cpp">
      <Filter>Source Files</Filter>
    </ClCompile>
    <ClCompile Include="stdafx.cpp">
      <Filter>Source Files</Filter>
    </ClCompile>
    <ClCompile Include="mesh\SpherifiedCube.cpp">
      <Filter>Source Files</Filter>
    </ClCompile>
    <ClCompile Include="util\Noise.cpp">
      <Filter>Source Files</Filter>
    </ClCompile>
    <ClCompile Include="mesh\PlanarMesh.cpp">
      <Filter>Source Files</Filter>
    </ClCompile>
    <ClCompile Include="util\Context.cpp">
      <Filter>Source Files</Filter>
    </ClCompile>
    <ClCompile Include="bodies\Terrestrial.cpp">
      <Filter>Source Files</Filter>
    </ClCompile>
    <ClCompile Include="util\Shader.cpp">
      <Filter>Source Files</Filter>
    </ClCompile>
    <ClCompile Include="mesh\GlobeMesh.cpp">
      <Filter>Source Files</Filter>
    </ClCompile>
  </ItemGroup>
  <ItemGroup>
    <None Include="shaders\core\fragment.glsl" />
    <None Include="shaders\core\vertex.glsl" />
    <None Include="shaders\wireframe\fragment.glsl" />
    <None Include="shaders\wireframe\geometry.glsl" />
    <None Include="shaders\wireframe\vertex.glsl" />
    <None Include="shaders\terrestrial\fragment.glsl" />
    <None Include="shaders\terrestrial\vertex.glsl" />
  </ItemGroup>
</Project>