<?xml version="1.0" encoding="utf-8"?>
<Project ToolsVersion="4.0" xmlns="http://schemas.microsoft.com/developer/msbuild/2003">
  <ItemGroup>
    <ClCompile Include="DiamondDogs.cpp" />
    <ClCompile Include="stdafx.cpp" />
    <ClCompile Include="engine\objects\Icosphere.cpp" />
    <ClCompile Include="engine\objects\Mesh.cpp" />
    <ClCompile Include="engine\renderer\objects\command\CommandPool.cpp" />
    <ClCompile Include="engine\renderer\objects\core\Instance.cpp" />
    <ClCompile Include="engine\renderer\objects\core\LogicalDevice.cpp" />
    <ClCompile Include="engine\renderer\objects\core\PhysicalDevice.cpp" />
    <ClCompile Include="engine\renderer\objects\render\DepthStencil.cpp" />
    <ClCompile Include="engine\renderer\objects\render\Framebuffer.cpp" />
    <ClCompile Include="engine\renderer\objects\render\GraphicsPipeline.cpp" />
    <ClCompile Include="engine\renderer\objects\render\Renderpass.cpp" />
    <ClCompile Include="engine\renderer\objects\render\Swapchain.cpp" />
    <ClCompile Include="engine\renderer\objects\resource\Buffer.cpp" />
    <ClCompile Include="engine\renderer\objects\resource\Image.cpp" />
    <ClCompile Include="engine\renderer\objects\resource\ShaderModule.cpp" />
    <ClCompile Include="engine\renderer\objects\resource\Texture.cpp" />
    <ClCompile Include="bodies\star\Star.cpp" />
    <ClCompile Include="scenes\BaseScene.cpp" />
    <ClCompile Include="common\VkDebug.cpp" />
    <ClCompile Include="engine\objects\Skybox.cpp" />
    <ClCompile Include="engine\objects\Atmosphere.cpp" />
  </ItemGroup>
  <ItemGroup>
    <ClInclude Include="bodies\Terrestial.h" />
    <ClInclude Include="stdafx.h" />
    <ClInclude Include="util\noise\TerrainBuilder.h" />
    <ClInclude Include="util\shaderold.h" />
    <ClInclude Include="engine\objects\Icosphere.h" />
    <ClInclude Include="engine\objects\MeshComponents.h" />
    <ClInclude Include="engine\objects\Mesh.h" />
    <ClInclude Include="engine\renderer\objects\command\CommandPool.h" />
    <ClInclude Include="engine\renderer\objects\core\Camera.h" />
    <ClInclude Include="engine\renderer\objects\core\Instance.h" />
    <ClInclude Include="engine\renderer\objects\core\LogicalDevice.h" />
    <ClInclude Include="engine\renderer\objects\core\PhysicalDevice.h" />
    <ClInclude Include="engine\renderer\objects\render\DepthStencil.h" />
    <ClInclude Include="engine\renderer\objects\render\Framebuffer.h" />
    <ClInclude Include="engine\renderer\objects\render\GraphicsPipeline.h" />
    <ClInclude Include="engine\renderer\objects\render\Renderpass.h" />
    <ClInclude Include="engine\renderer\objects\render\Swapchain.h" />
    <ClInclude Include="engine\renderer\objects\resource\Buffer.h" />
    <ClInclude Include="engine\renderer\objects\resource\Image.h" />
    <ClInclude Include="engine\renderer\objects\resource\Model.h" />
    <ClInclude Include="engine\renderer\objects\resource\ShaderModule.h" />
    <ClInclude Include="engine\renderer\objects\resource\Texture.h" />
    <ClInclude Include="engine\renderer\objects\resource\VertexTypes.h" />
    <ClInclude Include="engine\renderer\objects\ForwardDecl.h" />
    <ClInclude Include="engine\renderer\objects\NonCopyable.h" />
    <ClInclude Include="common\CreateInfoBase.h" />
    <ClInclude Include="common\vk_constants.h" />
    <ClInclude Include="common\vkAssert.h" />
    <ClInclude Include="bodies\star\Star.h" />
    <ClInclude Include="bodies\Body.h" />
    <ClInclude Include="scenes\BaseScene.h" />
    <ClInclude Include="common\VkDebug.h" />
    <ClInclude Include="scenes\StarScene.h" />
    <ClInclude Include="engine\objects\Skybox.h" />
    <ClInclude Include="bodies\terrestrial\Terrestrial.h" />
    <ClInclude Include="engine\objects\Atmosphere.h" />
    <ClInclude Include="scenes\Atmoscene.h" />
  </ItemGroup>
  <ItemGroup>
    <None Include="shaders\debug\fragment.glsl" />
    <None Include="shaders\debug\vertex.glsl" />
  </ItemGroup>
</Project>